
Microsoft Visual Studio Solution File, Format Version 12.00
# Visual Studio Version 17
VisualStudioVersion = 17.4.33205.214
MinimumVisualStudioVersion = 10.0.40219.1
Project("{FAE04EC0-301F-11D3-BF4B-00C04F79EFBC}") = "CatalogCA.Domain", "CatalogCA.Domain\CatalogCA.Domain.csproj", "{C8228BCE-0EF9-459D-A1BD-B0A0F39FC652}"
EndProject
Project("{FAE04EC0-301F-11D3-BF4B-00C04F79EFBC}") = "CatalogCA.Infrastructure", "CatalogCA.Infrastructure\CatalogCA.Infrastructure.csproj", "{29A18F4B-DDCB-4827-84C2-DEE776FDFD08}"
EndProject
Project("{FAE04EC0-301F-11D3-BF4B-00C04F79EFBC}") = "CatalogCA.Application", "CatalogCA.Application\CatalogCA.Application.csproj", "{024E80AF-3480-4B45-A447-A900D6D76FD4}"
EndProject
Project("{FAE04EC0-301F-11D3-BF4B-00C04F79EFBC}") = "CatalogCA.CrossCutting", "CatalogCA.CrossCutting\CatalogCA.CrossCutting.csproj", "{209486CC-294D-47FA-8712-8D044E4616F8}"
EndProject
Project("{FAE04EC0-301F-11D3-BF4B-00C04F79EFBC}") = "CatalogCA.API", "CatalogCA.API\CatalogCA.API.csproj", "{BE41068B-75B9-468C-B57C-54536A1AB584}"
EndProject
Global
	GlobalSection(SolutionConfigurationPlatforms) = preSolution
		Debug|Any CPU = Debug|Any CPU
		Release|Any CPU = Release|Any CPU
	EndGlobalSection
	GlobalSection(ProjectConfigurationPlatforms) = postSolution
		{C8228BCE-0EF9-459D-A1BD-B0A0F39FC652}.Debug|Any CPU.ActiveCfg = Debug|Any CPU
		{C8228BCE-0EF9-459D-A1BD-B0A0F39FC652}.Debug|Any CPU.Build.0 = Debug|Any CPU
		{C8228BCE-0EF9-459D-A1BD-B0A0F39FC652}.Release|Any CPU.ActiveCfg = Release|Any CPU
		{C8228BCE-0EF9-459D-A1BD-B0A0F39FC652}.Release|Any CPU.Build.0 = Release|Any CPU
		{29A18F4B-DDCB-4827-84C2-DEE776FDFD08}.Debug|Any CPU.ActiveCfg = Debug|Any CPU
		{29A18F4B-DDCB-4827-84C2-DEE776FDFD08}.Debug|Any CPU.Build.0 = Debug|Any CPU
		{29A18F4B-DDCB-4827-84C2-DEE776FDFD08}.Release|Any CPU.ActiveCfg = Release|Any CPU
		{29A18F4B-DDCB-4827-84C2-DEE776FDFD08}.Release|Any CPU.Build.0 = Release|Any CPU
		{024E80AF-3480-4B45-A447-A900D6D76FD4}.Debug|Any CPU.ActiveCfg = Debug|Any CPU
		{024E80AF-3480-4B45-A447-A900D6D76FD4}.Debug|Any CPU.Build.0 = Debug|Any CPU
		{024E80AF-3480-4B45-A447-A900D6D76FD4}.Release|Any CPU.ActiveCfg = Release|Any CPU
		{024E80AF-3480-4B45-A447-A900D6D76FD4}.Release|Any CPU.Build.0 = Release|Any CPU
		{209486CC-294D-47FA-8712-8D044E4616F8}.Debug|Any CPU.ActiveCfg = Debug|Any CPU
		{209486CC-294D-47FA-8712-8D044E4616F8}.Debug|Any CPU.Build.0 = Debug|Any CPU
		{209486CC-294D-47FA-8712-8D044E4616F8}.Release|Any CPU.ActiveCfg = Release|Any CPU
		{209486CC-294D-47FA-8712-8D044E4616F8}.Release|Any CPU.Build.0 = Release|Any CPU
		{BE41068B-75B9-468C-B57C-54536A1AB584}.Debug|Any CPU.ActiveCfg = Debug|Any CPU
		{BE41068B-75B9-468C-B57C-54536A1AB584}.Debug|Any CPU.Build.0 = Debug|Any CPU
		{BE41068B-75B9-468C-B57C-54536A1AB584}.Release|Any CPU.ActiveCfg = Release|Any CPU
		{BE41068B-75B9-468C-B57C-54536A1AB584}.Release|Any CPU.Build.0 = Release|Any CPU
	EndGlobalSection
	GlobalSection(SolutionProperties) = preSolution
		HideSolutionNode = FALSE
	EndGlobalSection
	GlobalSection(ExtensibilityGlobals) = postSolution
		SolutionGuid = {9A4DA123-8FED-459D-973B-463965C73F42}
	EndGlobalSection
EndGlobal
